
Microsoft Visual Studio Solution File, Format Version 12.00
# Visual Studio Version 16
VisualStudioVersion = 16.0.30204.135
MinimumVisualStudioVersion = 10.0.40219.1
Project("{9A19103F-16F7-4668-BE54-9A1E7A4F7556}") = "XsollaTestTask1", "XsollaTestTask1\XsollaTestTask1.csproj", "{8A3EF02F-5FD0-4DF0-AF4E-C849B7CB1B82}"
EndProject
Project("{FAE04EC0-301F-11D3-BF4B-00C04F79EFBC}") = "XsollaTestTask1Tests", "XsollaTestTask1Tests\XsollaTestTask1Tests.csproj", "{35E168C6-7D10-4EB3-9F0E-DC566B348FB9}"
EndProject
Global
	GlobalSection(SolutionConfigurationPlatforms) = preSolution
		Debug|Any CPU = Debug|Any CPU
		Release|Any CPU = Release|Any CPU
	EndGlobalSection
	GlobalSection(ProjectConfigurationPlatforms) = postSolution
		{8A3EF02F-5FD0-4DF0-AF4E-C849B7CB1B82}.Debug|Any CPU.ActiveCfg = Debug|Any CPU
		{8A3EF02F-5FD0-4DF0-AF4E-C849B7CB1B82}.Debug|Any CPU.Build.0 = Debug|Any CPU
		{8A3EF02F-5FD0-4DF0-AF4E-C849B7CB1B82}.Release|Any CPU.ActiveCfg = Release|Any CPU
		{8A3EF02F-5FD0-4DF0-AF4E-C849B7CB1B82}.Release|Any CPU.Build.0 = Release|Any CPU
		{35E168C6-7D10-4EB3-9F0E-DC566B348FB9}.Debug|Any CPU.ActiveCfg = Debug|Any CPU
		{35E168C6-7D10-4EB3-9F0E-DC566B348FB9}.Debug|Any CPU.Build.0 = Debug|Any CPU
		{35E168C6-7D10-4EB3-9F0E-DC566B348FB9}.Release|Any CPU.ActiveCfg = Release|Any CPU
		{35E168C6-7D10-4EB3-9F0E-DC566B348FB9}.Release|Any CPU.Build.0 = Release|Any CPU
	EndGlobalSection
	GlobalSection(SolutionProperties) = preSolution
		HideSolutionNode = FALSE
	EndGlobalSection
	GlobalSection(ExtensibilityGlobals) = postSolution
		SolutionGuid = {0B7A791E-A706-4FDD-95D4-6982B3900134}
	EndGlobalSection
EndGlobal
